
Microsoft Visual Studio Solution File, Format Version 12.00
# Visual Studio Version 17
VisualStudioVersion = 17.14.36109.1 d17.14
MinimumVisualStudioVersion = 10.0.40219.1
Project("{8BC9CEB8-8B4A-11D0-8D11-00A0C91BC942}") = "0529-Practice", "0529-Practice\0529-Practice.vcxproj", "{7C7229D3-94B4-44DD-BF82-AD850AA3A987}"
EndProject
Global
	GlobalSection(SolutionConfigurationPlatforms) = preSolution
		Debug|x64 = Debug|x64
		Debug|x86 = Debug|x86
		Release|x64 = Release|x64
		Release|x86 = Release|x86
	EndGlobalSection
	GlobalSection(ProjectConfigurationPlatforms) = postSolution
		{7C7229D3-94B4-44DD-BF82-AD850AA3A987}.Debug|x64.ActiveCfg = Debug|x64
		{7C7229D3-94B4-44DD-BF82-AD850AA3A987}.Debug|x64.Build.0 = Debug|x64
		{7C7229D3-94B4-44DD-BF82-AD850AA3A987}.Debug|x86.ActiveCfg = Debug|Win32
		{7C7229D3-94B4-44DD-BF82-AD850AA3A987}.Debug|x86.Build.0 = Debug|Win32
		{7C7229D3-94B4-44DD-BF82-AD850AA3A987}.Release|x64.ActiveCfg = Release|x64
		{7C7229D3-94B4-44DD-BF82-AD850AA3A987}.Release|x64.Build.0 = Release|x64
		{7C7229D3-94B4-44DD-BF82-AD850AA3A987}.Release|x86.ActiveCfg = Release|Win32
		{7C7229D3-94B4-44DD-BF82-AD850AA3A987}.Release|x86.Build.0 = Release|Win32
	EndGlobalSection
	GlobalSection(SolutionProperties) = preSolution
		HideSolutionNode = FALSE
	EndGlobalSection
	GlobalSection(ExtensibilityGlobals) = postSolution
		SolutionGuid = {AF762F2C-4F6B-407F-BE93-1992EB4172B5}
	EndGlobalSection
EndGlobal
