<?xml version="1.0" encoding="utf-8"?>
<Project ToolsVersion="4.0" xmlns="http://schemas.microsoft.com/developer/msbuild/2003">
  <ItemGroup>
    <Filter Include="소스 파일">
      <UniqueIdentifier>{4FC737F1-C7A5-4376-A066-2A32D752A2FF}</UniqueIdentifier>
      <Extensions>cpp;c;cc;cxx;c++;cppm;ixx;def;odl;idl;hpj;bat;asm;asmx</Extensions>
    </Filter>
    <Filter Include="헤더 파일">
      <UniqueIdentifier>{93995380-89BD-4b04-88EB-625FBE52EBFB}</UniqueIdentifier>
      <Extensions>h;hh;hpp;hxx;h++;hm;inl;inc;ipp;xsd</Extensions>
    </Filter>
    <Filter Include="리소스 파일">
      <UniqueIdentifier>{67DA6AB6-F800-4c08-8B7A-83BB121AAD01}</UniqueIdentifier>
      <Extensions>rc;ico;cur;bmp;dlg;rc2;rct;bin;rgs;gif;jpg;jpeg;jpe;resx;tiff;tif;png;wav;mfcribbon-ms</Extensions>
    </Filter>
    <Filter Include="TextRPGProject">
      <UniqueIdentifier>{fdfb0200-b600-4d64-b6d2-8ca2fc40c401}</UniqueIdentifier>
    </Filter>
  </ItemGroup>
  <ItemGroup>
    <ClCompile Include="Project0514.cpp">
      <Filter>소스 파일</Filter>
    </ClCompile>
    <ClCompile Include="Divid.cpp">
      <Filter>소스 파일</Filter>
    </ClCompile>
    <ClCompile Include="Calculater.cpp">
      <Filter>소스 파일</Filter>
    </ClCompile>
    <ClCompile Include="While.cpp">
      <Filter>소스 파일</Filter>
    </ClCompile>
    <ClCompile Include="What%27s for next.cpp">
      <Filter>소스 파일</Filter>
    </ClCompile>
    <ClCompile Include="Function.cpp">
      <Filter>소스 파일</Filter>
    </ClCompile>
    <ClCompile Include="TestSheet.cpp">
      <Filter>소스 파일</Filter>
    </ClCompile>
    <ClCompile Include="Rock Sizer Paer.cpp">
      <Filter>소스 파일</Filter>
    </ClCompile>
    <ClCompile Include="ForLoop.cpp">
      <Filter>소스 파일</Filter>
    </ClCompile>
    <ClCompile Include="main.cpp">
      <Filter>TextRPGProject</Filter>
    </ClCompile>
    <ClCompile Include="warrior.cpp">
      <Filter>TextRPGProject</Filter>
    </ClCompile>
    <ClCompile Include="Monster.cpp">
      <Filter>TextRPGProject</Filter>
    </ClCompile>
    <ClCompile Include="3HangCalculator.cpp">
      <Filter>소스 파일</Filter>
    </ClCompile>
    <ClCompile Include="Reword.cpp">
      <Filter>TextRPGProject</Filter>
    </ClCompile>
    <ClCompile Include="calendar.cpp">
      <Filter>소스 파일</Filter>
    </ClCompile>
    <ClCompile Include="Player.cpp">
      <Filter>TextRPGProject</Filter>
    </ClCompile>
  </ItemGroup>
  <ItemGroup>
    <ClInclude Include="warrior.h">
      <Filter>TextRPGProject</Filter>
    </ClInclude>
    <ClInclude Include="Monster.h">
      <Filter>TextRPGProject</Filter>
    </ClInclude>
    <ClInclude Include="Reword.h">
      <Filter>TextRPGProject</Filter>
    </ClInclude>
    <ClInclude Include="Player.h">
      <Filter>TextRPGProject</Filter>
    </ClInclude>
  </ItemGroup>
</Project>