
Microsoft Visual Studio Solution File, Format Version 12.00
# Visual Studio Version 17
VisualStudioVersion = 17.14.36109.1 d17.14
MinimumVisualStudioVersion = 10.0.40219.1
Project("{8BC9CEB8-8B4A-11D0-8D11-00A0C91BC942}") = "ConsoleApplication1", "ConsoleApplication1\ConsoleApplication1.vcxproj", "{CB186DD0-A634-43D1-8560-F68C12BFC9B8}"
EndProject
Global
	GlobalSection(SolutionConfigurationPlatforms) = preSolution
		Debug|x64 = Debug|x64
		Debug|x86 = Debug|x86
		Release|x64 = Release|x64
		Release|x86 = Release|x86
	EndGlobalSection
	GlobalSection(ProjectConfigurationPlatforms) = postSolution
		{CB186DD0-A634-43D1-8560-F68C12BFC9B8}.Debug|x64.ActiveCfg = Debug|x64
		{CB186DD0-A634-43D1-8560-F68C12BFC9B8}.Debug|x64.Build.0 = Debug|x64
		{CB186DD0-A634-43D1-8560-F68C12BFC9B8}.Debug|x86.ActiveCfg = Debug|Win32
		{CB186DD0-A634-43D1-8560-F68C12BFC9B8}.Debug|x86.Build.0 = Debug|Win32
		{CB186DD0-A634-43D1-8560-F68C12BFC9B8}.Release|x64.ActiveCfg = Release|x64
		{CB186DD0-A634-43D1-8560-F68C12BFC9B8}.Release|x64.Build.0 = Release|x64
		{CB186DD0-A634-43D1-8560-F68C12BFC9B8}.Release|x86.ActiveCfg = Release|Win32
		{CB186DD0-A634-43D1-8560-F68C12BFC9B8}.Release|x86.Build.0 = Release|Win32
	EndGlobalSection
	GlobalSection(SolutionProperties) = preSolution
		HideSolutionNode = FALSE
	EndGlobalSection
	GlobalSection(ExtensibilityGlobals) = postSolution
		SolutionGuid = {A87BC66E-C8AD-4BBC-BF59-F3E8C1C4F216}
	EndGlobalSection
EndGlobal
