
Microsoft Visual Studio Solution File, Format Version 12.00
# Visual Studio Version 17
VisualStudioVersion = 17.14.36109.1
MinimumVisualStudioVersion = 10.0.40219.1
Project("{8BC9CEB8-8B4A-11D0-8D11-00A0C91BC942}") = "0610-복사", "0610-복사\0610-복사.vcxproj", "{A66C9A49-8F43-4FB0-A0BF-050A4DA6D8B7}"
EndProject
Project("{8BC9CEB8-8B4A-11D0-8D11-00A0C91BC942}") = "0610 - cast", "0610 - cast\0610 - cast.vcxproj", "{C8C94AB5-622E-4164-9ED5-4AE1F7198781}"
EndProject
Global
	GlobalSection(SolutionConfigurationPlatforms) = preSolution
		Debug|x64 = Debug|x64
		Debug|x86 = Debug|x86
		Release|x64 = Release|x64
		Release|x86 = Release|x86
	EndGlobalSection
	GlobalSection(ProjectConfigurationPlatforms) = postSolution
		{A66C9A49-8F43-4FB0-A0BF-050A4DA6D8B7}.Debug|x64.ActiveCfg = Debug|x64
		{A66C9A49-8F43-4FB0-A0BF-050A4DA6D8B7}.Debug|x64.Build.0 = Debug|x64
		{A66C9A49-8F43-4FB0-A0BF-050A4DA6D8B7}.Debug|x86.ActiveCfg = Debug|Win32
		{A66C9A49-8F43-4FB0-A0BF-050A4DA6D8B7}.Debug|x86.Build.0 = Debug|Win32
		{A66C9A49-8F43-4FB0-A0BF-050A4DA6D8B7}.Release|x64.ActiveCfg = Release|x64
		{A66C9A49-8F43-4FB0-A0BF-050A4DA6D8B7}.Release|x64.Build.0 = Release|x64
		{A66C9A49-8F43-4FB0-A0BF-050A4DA6D8B7}.Release|x86.ActiveCfg = Release|Win32
		{A66C9A49-8F43-4FB0-A0BF-050A4DA6D8B7}.Release|x86.Build.0 = Release|Win32
		{C8C94AB5-622E-4164-9ED5-4AE1F7198781}.Debug|x64.ActiveCfg = Debug|x64
		{C8C94AB5-622E-4164-9ED5-4AE1F7198781}.Debug|x64.Build.0 = Debug|x64
		{C8C94AB5-622E-4164-9ED5-4AE1F7198781}.Debug|x86.ActiveCfg = Debug|Win32
		{C8C94AB5-622E-4164-9ED5-4AE1F7198781}.Debug|x86.Build.0 = Debug|Win32
		{C8C94AB5-622E-4164-9ED5-4AE1F7198781}.Release|x64.ActiveCfg = Release|x64
		{C8C94AB5-622E-4164-9ED5-4AE1F7198781}.Release|x64.Build.0 = Release|x64
		{C8C94AB5-622E-4164-9ED5-4AE1F7198781}.Release|x86.ActiveCfg = Release|Win32
		{C8C94AB5-622E-4164-9ED5-4AE1F7198781}.Release|x86.Build.0 = Release|Win32
	EndGlobalSection
	GlobalSection(SolutionProperties) = preSolution
		HideSolutionNode = FALSE
	EndGlobalSection
	GlobalSection(ExtensibilityGlobals) = postSolution
		SolutionGuid = {FD89D199-5B30-4FDA-9A86-F6E658460AAD}
	EndGlobalSection
EndGlobal
